
Microsoft Visual Studio Solution File, Format Version 12.00
# Visual Studio 15
VisualStudioVersion = 15.0.27130.2003
MinimumVisualStudioVersion = 10.0.40219.1
Project("{FAE04EC0-301F-11D3-BF4B-00C04F79EFBC}") = "testsharpapiService", "testsharpapiService\testsharpapiService.csproj", "{209FA716-A7AD-4095-BD70-C8710FC66FA7}"
EndProject
Project("{FAE04EC0-301F-11D3-BF4B-00C04F79EFBC}") = "testsharpapi", "testsharpapi\testsharpapi.csproj", "{8E1FCCF4-1FA7-4C23-86B0-19C78B155AA3}"
EndProject
Project("{FAE04EC0-301F-11D3-BF4B-00C04F79EFBC}") = "WebSharpApp", "WebSharpApp\WebSharpApp.csproj", "{9B891FBB-C4C3-4537-A185-E256EC097A9E}"
EndProject
Project("{FAE04EC0-301F-11D3-BF4B-00C04F79EFBC}") = "ConsoleApp1", "ConsoleApp1\ConsoleApp1.csproj", "{7917327F-A544-4BCA-94F6-79BE8E6D1A6B}"
EndProject
Project("{FAE04EC0-301F-11D3-BF4B-00C04F79EFBC}") = "UWP_Cheat", "UWP_Cheat\UWP_Cheat.csproj", "{C93D32F4-567A-452B-97A3-21ACBA9BB542}"
EndProject
Project("{9092AA53-FB77-4645-B42D-1CCCA6BD08BD}") = "ExpressApp1", "ExpressApp1\ExpressApp1.njsproj", "{DA14DD38-CDBA-4130-9205-7B4A66F787E5}"
EndProject
Global
	GlobalSection(SolutionConfigurationPlatforms) = preSolution
		Debug|Any CPU = Debug|Any CPU
		Debug|ARM = Debug|ARM
		Debug|x64 = Debug|x64
		Debug|x86 = Debug|x86
		Release|Any CPU = Release|Any CPU
		Release|ARM = Release|ARM
		Release|x64 = Release|x64
		Release|x86 = Release|x86
	EndGlobalSection
	GlobalSection(ProjectConfigurationPlatforms) = postSolution
		{209FA716-A7AD-4095-BD70-C8710FC66FA7}.Debug|Any CPU.ActiveCfg = Debug|Any CPU
		{209FA716-A7AD-4095-BD70-C8710FC66FA7}.Debug|Any CPU.Build.0 = Debug|Any CPU
		{209FA716-A7AD-4095-BD70-C8710FC66FA7}.Debug|ARM.ActiveCfg = Debug|Any CPU
		{209FA716-A7AD-4095-BD70-C8710FC66FA7}.Debug|ARM.Build.0 = Debug|Any CPU
		{209FA716-A7AD-4095-BD70-C8710FC66FA7}.Debug|x64.ActiveCfg = Debug|Any CPU
		{209FA716-A7AD-4095-BD70-C8710FC66FA7}.Debug|x64.Build.0 = Debug|Any CPU
		{209FA716-A7AD-4095-BD70-C8710FC66FA7}.Debug|x86.ActiveCfg = Debug|Any CPU
		{209FA716-A7AD-4095-BD70-C8710FC66FA7}.Debug|x86.Build.0 = Debug|Any CPU
		{209FA716-A7AD-4095-BD70-C8710FC66FA7}.Release|Any CPU.ActiveCfg = Release|Any CPU
		{209FA716-A7AD-4095-BD70-C8710FC66FA7}.Release|Any CPU.Build.0 = Release|Any CPU
		{209FA716-A7AD-4095-BD70-C8710FC66FA7}.Release|ARM.ActiveCfg = Release|Any CPU
		{209FA716-A7AD-4095-BD70-C8710FC66FA7}.Release|ARM.Build.0 = Release|Any CPU
		{209FA716-A7AD-4095-BD70-C8710FC66FA7}.Release|x64.ActiveCfg = Release|Any CPU
		{209FA716-A7AD-4095-BD70-C8710FC66FA7}.Release|x64.Build.0 = Release|Any CPU
		{209FA716-A7AD-4095-BD70-C8710FC66FA7}.Release|x86.ActiveCfg = Release|Any CPU
		{209FA716-A7AD-4095-BD70-C8710FC66FA7}.Release|x86.Build.0 = Release|Any CPU
		{8E1FCCF4-1FA7-4C23-86B0-19C78B155AA3}.Debug|Any CPU.ActiveCfg = Debug|Any CPU
		{8E1FCCF4-1FA7-4C23-86B0-19C78B155AA3}.Debug|Any CPU.Build.0 = Debug|Any CPU
		{8E1FCCF4-1FA7-4C23-86B0-19C78B155AA3}.Debug|Any CPU.Deploy.0 = Debug|Any CPU
		{8E1FCCF4-1FA7-4C23-86B0-19C78B155AA3}.Debug|ARM.ActiveCfg = Debug|Any CPU
		{8E1FCCF4-1FA7-4C23-86B0-19C78B155AA3}.Debug|ARM.Build.0 = Debug|Any CPU
		{8E1FCCF4-1FA7-4C23-86B0-19C78B155AA3}.Debug|ARM.Deploy.0 = Debug|Any CPU
		{8E1FCCF4-1FA7-4C23-86B0-19C78B155AA3}.Debug|x64.ActiveCfg = Debug|Any CPU
		{8E1FCCF4-1FA7-4C23-86B0-19C78B155AA3}.Debug|x64.Build.0 = Debug|Any CPU
		{8E1FCCF4-1FA7-4C23-86B0-19C78B155AA3}.Debug|x64.Deploy.0 = Debug|Any CPU
		{8E1FCCF4-1FA7-4C23-86B0-19C78B155AA3}.Debug|x86.ActiveCfg = Debug|Any CPU
		{8E1FCCF4-1FA7-4C23-86B0-19C78B155AA3}.Debug|x86.Build.0 = Debug|Any CPU
		{8E1FCCF4-1FA7-4C23-86B0-19C78B155AA3}.Debug|x86.Deploy.0 = Debug|Any CPU
		{8E1FCCF4-1FA7-4C23-86B0-19C78B155AA3}.Release|Any CPU.ActiveCfg = Release|Any CPU
		{8E1FCCF4-1FA7-4C23-86B0-19C78B155AA3}.Release|Any CPU.Build.0 = Release|Any CPU
		{8E1FCCF4-1FA7-4C23-86B0-19C78B155AA3}.Release|Any CPU.Deploy.0 = Release|Any CPU
		{8E1FCCF4-1FA7-4C23-86B0-19C78B155AA3}.Release|ARM.ActiveCfg = Release|Any CPU
		{8E1FCCF4-1FA7-4C23-86B0-19C78B155AA3}.Release|ARM.Build.0 = Release|Any CPU
		{8E1FCCF4-1FA7-4C23-86B0-19C78B155AA3}.Release|ARM.Deploy.0 = Release|Any CPU
		{8E1FCCF4-1FA7-4C23-86B0-19C78B155AA3}.Release|x64.ActiveCfg = Release|Any CPU
		{8E1FCCF4-1FA7-4C23-86B0-19C78B155AA3}.Release|x64.Build.0 = Release|Any CPU
		{8E1FCCF4-1FA7-4C23-86B0-19C78B155AA3}.Release|x64.Deploy.0 = Release|Any CPU
		{8E1FCCF4-1FA7-4C23-86B0-19C78B155AA3}.Release|x86.ActiveCfg = Release|Any CPU
		{8E1FCCF4-1FA7-4C23-86B0-19C78B155AA3}.Release|x86.Build.0 = Release|Any CPU
		{8E1FCCF4-1FA7-4C23-86B0-19C78B155AA3}.Release|x86.Deploy.0 = Release|Any CPU
		{9B891FBB-C4C3-4537-A185-E256EC097A9E}.Debug|Any CPU.ActiveCfg = Debug|Any CPU
		{9B891FBB-C4C3-4537-A185-E256EC097A9E}.Debug|Any CPU.Build.0 = Debug|Any CPU
		{9B891FBB-C4C3-4537-A185-E256EC097A9E}.Debug|ARM.ActiveCfg = Debug|Any CPU
		{9B891FBB-C4C3-4537-A185-E256EC097A9E}.Debug|ARM.Build.0 = Debug|Any CPU
		{9B891FBB-C4C3-4537-A185-E256EC097A9E}.Debug|x64.ActiveCfg = Debug|Any CPU
		{9B891FBB-C4C3-4537-A185-E256EC097A9E}.Debug|x64.Build.0 = Debug|Any CPU
		{9B891FBB-C4C3-4537-A185-E256EC097A9E}.Debug|x86.ActiveCfg = Debug|Any CPU
		{9B891FBB-C4C3-4537-A185-E256EC097A9E}.Debug|x86.Build.0 = Debug|Any CPU
		{9B891FBB-C4C3-4537-A185-E256EC097A9E}.Release|Any CPU.ActiveCfg = Release|Any CPU
		{9B891FBB-C4C3-4537-A185-E256EC097A9E}.Release|Any CPU.Build.0 = Release|Any CPU
		{9B891FBB-C4C3-4537-A185-E256EC097A9E}.Release|ARM.ActiveCfg = Release|Any CPU
		{9B891FBB-C4C3-4537-A185-E256EC097A9E}.Release|ARM.Build.0 = Release|Any CPU
		{9B891FBB-C4C3-4537-A185-E256EC097A9E}.Release|x64.ActiveCfg = Release|Any CPU
		{9B891FBB-C4C3-4537-A185-E256EC097A9E}.Release|x64.Build.0 = Release|Any CPU
		{9B891FBB-C4C3-4537-A185-E256EC097A9E}.Release|x86.ActiveCfg = Release|Any CPU
		{9B891FBB-C4C3-4537-A185-E256EC097A9E}.Release|x86.Build.0 = Release|Any CPU
		{7917327F-A544-4BCA-94F6-79BE8E6D1A6B}.Debug|Any CPU.ActiveCfg = Debug|Any CPU
		{7917327F-A544-4BCA-94F6-79BE8E6D1A6B}.Debug|Any CPU.Build.0 = Debug|Any CPU
		{7917327F-A544-4BCA-94F6-79BE8E6D1A6B}.Debug|ARM.ActiveCfg = Debug|Any CPU
		{7917327F-A544-4BCA-94F6-79BE8E6D1A6B}.Debug|ARM.Build.0 = Debug|Any CPU
		{7917327F-A544-4BCA-94F6-79BE8E6D1A6B}.Debug|x64.ActiveCfg = Debug|Any CPU
		{7917327F-A544-4BCA-94F6-79BE8E6D1A6B}.Debug|x64.Build.0 = Debug|Any CPU
		{7917327F-A544-4BCA-94F6-79BE8E6D1A6B}.Debug|x86.ActiveCfg = Debug|Any CPU
		{7917327F-A544-4BCA-94F6-79BE8E6D1A6B}.Debug|x86.Build.0 = Debug|Any CPU
		{7917327F-A544-4BCA-94F6-79BE8E6D1A6B}.Release|Any CPU.ActiveCfg = Release|Any CPU
		{7917327F-A544-4BCA-94F6-79BE8E6D1A6B}.Release|Any CPU.Build.0 = Release|Any CPU
		{7917327F-A544-4BCA-94F6-79BE8E6D1A6B}.Release|ARM.ActiveCfg = Release|Any CPU
		{7917327F-A544-4BCA-94F6-79BE8E6D1A6B}.Release|ARM.Build.0 = Release|Any CPU
		{7917327F-A544-4BCA-94F6-79BE8E6D1A6B}.Release|x64.ActiveCfg = Release|Any CPU
		{7917327F-A544-4BCA-94F6-79BE8E6D1A6B}.Release|x64.Build.0 = Release|Any CPU
		{7917327F-A544-4BCA-94F6-79BE8E6D1A6B}.Release|x86.ActiveCfg = Release|Any CPU
		{7917327F-A544-4BCA-94F6-79BE8E6D1A6B}.Release|x86.Build.0 = Release|Any CPU
		{C93D32F4-567A-452B-97A3-21ACBA9BB542}.Debug|Any CPU.ActiveCfg = Debug|x86
		{C93D32F4-567A-452B-97A3-21ACBA9BB542}.Debug|ARM.ActiveCfg = Debug|ARM
		{C93D32F4-567A-452B-97A3-21ACBA9BB542}.Debug|ARM.Build.0 = Debug|ARM
		{C93D32F4-567A-452B-97A3-21ACBA9BB542}.Debug|ARM.Deploy.0 = Debug|ARM
		{C93D32F4-567A-452B-97A3-21ACBA9BB542}.Debug|x64.ActiveCfg = Debug|x64
		{C93D32F4-567A-452B-97A3-21ACBA9BB542}.Debug|x64.Build.0 = Debug|x64
		{C93D32F4-567A-452B-97A3-21ACBA9BB542}.Debug|x64.Deploy.0 = Debug|x64
		{C93D32F4-567A-452B-97A3-21ACBA9BB542}.Debug|x86.ActiveCfg = Debug|x86
		{C93D32F4-567A-452B-97A3-21ACBA9BB542}.Debug|x86.Build.0 = Debug|x86
		{C93D32F4-567A-452B-97A3-21ACBA9BB542}.Debug|x86.Deploy.0 = Debug|x86
		{C93D32F4-567A-452B-97A3-21ACBA9BB542}.Release|Any CPU.ActiveCfg = Release|x86
		{C93D32F4-567A-452B-97A3-21ACBA9BB542}.Release|ARM.ActiveCfg = Release|ARM
		{C93D32F4-567A-452B-97A3-21ACBA9BB542}.Release|ARM.Build.0 = Release|ARM
		{C93D32F4-567A-452B-97A3-21ACBA9BB542}.Release|ARM.Deploy.0 = Release|ARM
		{C93D32F4-567A-452B-97A3-21ACBA9BB542}.Release|x64.ActiveCfg = Release|x64
		{C93D32F4-567A-452B-97A3-21ACBA9BB542}.Release|x64.Build.0 = Release|x64
		{C93D32F4-567A-452B-97A3-21ACBA9BB542}.Release|x64.Deploy.0 = Release|x64
		{C93D32F4-567A-452B-97A3-21ACBA9BB542}.Release|x86.ActiveCfg = Release|x86
		{C93D32F4-567A-452B-97A3-21ACBA9BB542}.Release|x86.Build.0 = Release|x86
		{C93D32F4-567A-452B-97A3-21ACBA9BB542}.Release|x86.Deploy.0 = Release|x86
		{DA14DD38-CDBA-4130-9205-7B4A66F787E5}.Debug|Any CPU.ActiveCfg = Debug|Any CPU
		{DA14DD38-CDBA-4130-9205-7B4A66F787E5}.Debug|Any CPU.Build.0 = Debug|Any CPU
		{DA14DD38-CDBA-4130-9205-7B4A66F787E5}.Debug|ARM.ActiveCfg = Debug|Any CPU
		{DA14DD38-CDBA-4130-9205-7B4A66F787E5}.Debug|ARM.Build.0 = Debug|Any CPU
		{DA14DD38-CDBA-4130-9205-7B4A66F787E5}.Debug|x64.ActiveCfg = Debug|Any CPU
		{DA14DD38-CDBA-4130-9205-7B4A66F787E5}.Debug|x64.Build.0 = Debug|Any CPU
		{DA14DD38-CDBA-4130-9205-7B4A66F787E5}.Debug|x86.ActiveCfg = Debug|Any CPU
		{DA14DD38-CDBA-4130-9205-7B4A66F787E5}.Debug|x86.Build.0 = Debug|Any CPU
		{DA14DD38-CDBA-4130-9205-7B4A66F787E5}.Release|Any CPU.ActiveCfg = Release|Any CPU
		{DA14DD38-CDBA-4130-9205-7B4A66F787E5}.Release|Any CPU.Build.0 = Release|Any CPU
		{DA14DD38-CDBA-4130-9205-7B4A66F787E5}.Release|ARM.ActiveCfg = Release|Any CPU
		{DA14DD38-CDBA-4130-9205-7B4A66F787E5}.Release|ARM.Build.0 = Release|Any CPU
		{DA14DD38-CDBA-4130-9205-7B4A66F787E5}.Release|x64.ActiveCfg = Release|Any CPU
		{DA14DD38-CDBA-4130-9205-7B4A66F787E5}.Release|x64.Build.0 = Release|Any CPU
		{DA14DD38-CDBA-4130-9205-7B4A66F787E5}.Release|x86.ActiveCfg = Release|Any CPU
		{DA14DD38-CDBA-4130-9205-7B4A66F787E5}.Release|x86.Build.0 = Release|Any CPU
	EndGlobalSection
	GlobalSection(SolutionProperties) = preSolution
		HideSolutionNode = FALSE
	EndGlobalSection
	GlobalSection(ExtensibilityGlobals) = postSolution
		SolutionGuid = {ED7A1E16-3642-4DE5-A13D-B859B1DACF4E}
	EndGlobalSection
EndGlobal
